
Microsoft Visual Studio Solution File, Format Version 12.00
Project("{FAE04EC0-301F-11D3-BF4B-00C04F79EFBC}") = "Questions", "Questions\Questions.csproj", "{0D762F4D-37B4-42C8-ACCC-D5E13758C744}"
EndProject
Global
	GlobalSection(SolutionConfigurationPlatforms) = preSolution
		Debug|Any CPU = Debug|Any CPU
		Release|Any CPU = Release|Any CPU
	EndGlobalSection
	GlobalSection(ProjectConfigurationPlatforms) = postSolution
		{0D762F4D-37B4-42C8-ACCC-D5E13758C744}.Debug|Any CPU.ActiveCfg = Debug|Any CPU
		{0D762F4D-37B4-42C8-ACCC-D5E13758C744}.Debug|Any CPU.Build.0 = Debug|Any CPU
		{0D762F4D-37B4-42C8-ACCC-D5E13758C744}.Release|Any CPU.ActiveCfg = Release|Any CPU
		{0D762F4D-37B4-42C8-ACCC-D5E13758C744}.Release|Any CPU.Build.0 = Release|Any CPU
	EndGlobalSection
EndGlobal
